# THIS IS AN AUTOGENERATED FILE. DO NOT EDIT THIS FILE DIRECTLY.
# yarn lockfile v1


"@esbuild/android-arm64@0.16.3":
  version "0.16.3"
  resolved "https://registry.yarnpkg.com/@esbuild/android-arm64/-/android-arm64-0.16.3.tgz#6af6d16be6d534d776a51fc215bfd81a68906d2c"
  integrity sha512-RolFVeinkeraDvN/OoRf1F/lP0KUfGNb5jxy/vkIMeRRChkrX/HTYN6TYZosRJs3a1+8wqpxAo5PI5hFmxyPRg==

"@esbuild/android-arm@0.16.3":
  version "0.16.3"
  resolved "https://registry.yarnpkg.com/@esbuild/android-arm/-/android-arm-0.16.3.tgz#2a091222f3b1928e3246fb3c5202eaca88baab67"
  integrity sha512-mueuEoh+s1eRbSJqq9KNBQwI4QhQV6sRXIfTyLXSHGMpyew61rOK4qY21uKbXl1iBoMb0AdL1deWFCQVlN2qHA==

"@esbuild/android-x64@0.16.3":
  version "0.16.3"
  resolved "https://registry.yarnpkg.com/@esbuild/android-x64/-/android-x64-0.16.3.tgz#a6d749c58b022d371dc40d50ac1bb4aebd1eb953"
  integrity sha512-SFpTUcIT1bIJuCCBMCQWq1bL2gPTjWoLZdjmIhjdcQHaUfV41OQfho6Ici5uvvkMmZRXIUGpM3GxysP/EU7ifQ==

"@esbuild/darwin-arm64@0.16.3":
  version "0.16.3"
  resolved "https://registry.yarnpkg.com/@esbuild/darwin-arm64/-/darwin-arm64-0.16.3.tgz#92d1826ed2f21dcac5830b70d7215c6afbb744e2"
  integrity sha512-DO8WykMyB+N9mIDfI/Hug70Dk1KipavlGAecxS3jDUwAbTpDXj0Lcwzw9svkhxfpCagDmpaTMgxWK8/C/XcXvw==

"@esbuild/darwin-x64@0.16.3":
  version "0.16.3"
  resolved "https://registry.yarnpkg.com/@esbuild/darwin-x64/-/darwin-x64-0.16.3.tgz#7fc3570c2b16e9ff4fc178593a0a4adb1ae8ea57"
  integrity sha512-uEqZQ2omc6BvWqdCiyZ5+XmxuHEi1SPzpVxXCSSV2+Sh7sbXbpeNhHIeFrIpRjAs0lI1FmA1iIOxFozKBhKgRQ==

"@esbuild/freebsd-arm64@0.16.3":
  version "0.16.3"
  resolved "https://registry.yarnpkg.com/@esbuild/freebsd-arm64/-/freebsd-arm64-0.16.3.tgz#16735ce16f8c9a4e7289e9e259aa01a8d9874307"
  integrity sha512-nJansp3sSXakNkOD5i5mIz2Is/HjzIhFs49b1tjrPrpCmwgBmH9SSzhC/Z1UqlkivqMYkhfPwMw1dGFUuwmXhw==

"@esbuild/freebsd-x64@0.16.3":
  version "0.16.3"
  resolved "https://registry.yarnpkg.com/@esbuild/freebsd-x64/-/freebsd-x64-0.16.3.tgz#f4edd1464cb072799ed6b8ab5178478e71c13459"
  integrity sha512-TfoDzLw+QHfc4a8aKtGSQ96Wa+6eimljjkq9HKR0rHlU83vw8aldMOUSJTUDxbcUdcgnJzPaX8/vGWm7vyV7ug==

"@esbuild/linux-arm64@0.16.3":
  version "0.16.3"
  resolved "https://registry.yarnpkg.com/@esbuild/linux-arm64/-/linux-arm64-0.16.3.tgz#4b7ae6fe3618d9a40d6ca39c6edc991ac1447203"
  integrity sha512-7I3RlsnxEFCHVZNBLb2w7unamgZ5sVwO0/ikE2GaYvYuUQs9Qte/w7TqWcXHtCwxvZx/2+F97ndiUQAWs47ZfQ==

"@esbuild/linux-arm@0.16.3":
  version "0.16.3"
  resolved "https://registry.yarnpkg.com/@esbuild/linux-arm/-/linux-arm-0.16.3.tgz#4b3e9f849822e16a76a70844c4db68075b259a58"
  integrity sha512-VwswmSYwVAAq6LysV59Fyqk3UIjbhuc6wb3vEcJ7HEJUtFuLK9uXWuFoH1lulEbE4+5GjtHi3MHX+w1gNHdOWQ==

"@esbuild/linux-ia32@0.16.3":
  version "0.16.3"
  resolved "https://registry.yarnpkg.com/@esbuild/linux-ia32/-/linux-ia32-0.16.3.tgz#2ff3936b91bfff62f9ecf7f6411ef399b29ed22d"
  integrity sha512-X8FDDxM9cqda2rJE+iblQhIMYY49LfvW4kaEjoFbTTQ4Go8G96Smj2w3BRTwA8IHGoi9dPOPGAX63dhuv19UqA==

"@esbuild/linux-loong64@0.16.3":
  version "0.16.3"
  resolved "https://registry.yarnpkg.com/@esbuild/linux-loong64/-/linux-loong64-0.16.3.tgz#ff8aa59f49d9ccbc1ff952ba1f5cd01a534562df"
  integrity sha512-hIbeejCOyO0X9ujfIIOKjBjNAs9XD/YdJ9JXAy1lHA+8UXuOqbFe4ErMCqMr8dhlMGBuvcQYGF7+kO7waj2KHw==

"@esbuild/linux-mips64el@0.16.3":
  version "0.16.3"
  resolved "https://registry.yarnpkg.com/@esbuild/linux-mips64el/-/linux-mips64el-0.16.3.tgz#5dd5e118071c3912df69beedbfd11fb117f0fe5e"
  integrity sha512-znFRzICT/V8VZQMt6rjb21MtAVJv/3dmKRMlohlShrbVXdBuOdDrGb+C2cZGQAR8RFyRe7HS6klmHq103WpmVw==

"@esbuild/linux-ppc64@0.16.3":
  version "0.16.3"
  resolved "https://registry.yarnpkg.com/@esbuild/linux-ppc64/-/linux-ppc64-0.16.3.tgz#36c62e24eae7fa3f0d921506da8fc1e6098a1364"
  integrity sha512-EV7LuEybxhXrVTDpbqWF2yehYRNz5e5p+u3oQUS2+ZFpknyi1NXxr8URk4ykR8Efm7iu04//4sBg249yNOwy5Q==

"@esbuild/linux-riscv64@0.16.3":
  version "0.16.3"
  resolved "https://registry.yarnpkg.com/@esbuild/linux-riscv64/-/linux-riscv64-0.16.3.tgz#f0fec8e7affb5bcc817fefc61a21cbb95539e393"
  integrity sha512-uDxqFOcLzFIJ+r/pkTTSE9lsCEaV/Y6rMlQjUI9BkzASEChYL/aSQjZjchtEmdnVxDKETnUAmsaZ4pqK1eE5BQ==

"@esbuild/linux-s390x@0.16.3":
  version "0.16.3"
  resolved "https://registry.yarnpkg.com/@esbuild/linux-s390x/-/linux-s390x-0.16.3.tgz#22e10edd6e91f53c2e1f60e46abd453d7794409b"
  integrity sha512-NbeREhzSxYwFhnCAQOQZmajsPYtX71Ufej3IQ8W2Gxskfz9DK58ENEju4SbpIj48VenktRASC52N5Fhyf/aliQ==

"@esbuild/linux-x64@0.16.3":
  version "0.16.3"
  resolved "https://registry.yarnpkg.com/@esbuild/linux-x64/-/linux-x64-0.16.3.tgz#38388b73fd9eebe45b073d7d8099b9c2e54f7139"
  integrity sha512-SDiG0nCixYO9JgpehoKgScwic7vXXndfasjnD5DLbp1xltANzqZ425l7LSdHynt19UWOcDjG9wJJzSElsPvk0w==

"@esbuild/netbsd-x64@0.16.3":
  version "0.16.3"
  resolved "https://registry.yarnpkg.com/@esbuild/netbsd-x64/-/netbsd-x64-0.16.3.tgz#e0270569567f1530b8dbe6d11d5b4930b9cc71ae"
  integrity sha512-AzbsJqiHEq1I/tUvOfAzCY15h4/7Ivp3ff/o1GpP16n48JMNAtbW0qui2WCgoIZArEHD0SUQ95gvR0oSO7ZbdA==

"@esbuild/openbsd-x64@0.16.3":
  version "0.16.3"
  resolved "https://registry.yarnpkg.com/@esbuild/openbsd-x64/-/openbsd-x64-0.16.3.tgz#3b16642d443848bca605f33ee3978a1890911e6d"
  integrity sha512-gSABi8qHl8k3Cbi/4toAzHiykuBuWLZs43JomTcXkjMZVkp0gj3gg9mO+9HJW/8GB5H89RX/V0QP4JGL7YEEVg==

"@esbuild/sunos-x64@0.16.3":
  version "0.16.3"
  resolved "https://registry.yarnpkg.com/@esbuild/sunos-x64/-/sunos-x64-0.16.3.tgz#a838f247867380f0ae25ce1936dc5ab6f57b7734"
  integrity sha512-SF9Kch5Ete4reovvRO6yNjMxrvlfT0F0Flm+NPoUw5Z4Q3r1d23LFTgaLwm3Cp0iGbrU/MoUI+ZqwCv5XJijCw==

"@esbuild/win32-arm64@0.16.3":
  version "0.16.3"
  resolved "https://registry.yarnpkg.com/@esbuild/win32-arm64/-/win32-arm64-0.16.3.tgz#bedd9bef5fb41f89ce2599f1761973cf6d6a67b6"
  integrity sha512-u5aBonZIyGopAZyOnoPAA6fGsDeHByZ9CnEzyML9NqntK6D/xl5jteZUKm/p6nD09+v3pTM6TuUIqSPcChk5gg==

"@esbuild/win32-ia32@0.16.3":
  version "0.16.3"
  resolved "https://registry.yarnpkg.com/@esbuild/win32-ia32/-/win32-ia32-0.16.3.tgz#49800aa812d8cc35ceef61e8d3b01224684cc0b1"
  integrity sha512-GlgVq1WpvOEhNioh74TKelwla9KDuAaLZrdxuuUgsP2vayxeLgVc+rbpIv0IYF4+tlIzq2vRhofV+KGLD+37EQ==

"@esbuild/win32-x64@0.16.3":
  version "0.16.3"
  resolved "https://registry.yarnpkg.com/@esbuild/win32-x64/-/win32-x64-0.16.3.tgz#94047dae921949cfb308117d993c4b941291ae10"
  integrity sha512-5/JuTd8OWW8UzEtyf19fbrtMJENza+C9JoPIkvItgTBQ1FO2ZLvjbPO6Xs54vk0s5JB5QsfieUEshRQfu7ZHow==

"@mapbox/point-geometry@~0.1.0":
  version "0.1.0"
  resolved "https://registry.yarnpkg.com/@mapbox/point-geometry/-/point-geometry-0.1.0.tgz#8a83f9335c7860effa2eeeca254332aa0aeed8f2"
  integrity sha512-6j56HdLTwWGO0fJPlrZtdU/B13q8Uwmo18Ck2GnGgN9PCFyKTZ3UbXeEdRFh18i9XQ92eH2VdtpJHpBD3aripQ==

"@mapbox/vector-tile@^1.3.1":
  version "1.3.1"
  resolved "https://registry.yarnpkg.com/@mapbox/vector-tile/-/vector-tile-1.3.1.tgz#d3a74c90402d06e89ec66de49ec817ff53409666"
  integrity sha512-MCEddb8u44/xfQ3oD+Srl/tNcQoqTw3goGk2oLsrFxOTc3dUp+kAnby3PvAeeBYSMSjSPD1nd1AJA6W49WnoUw==
  dependencies:
    "@mapbox/point-geometry" "~0.1.0"

earcut@^2.2.4:
  version "2.2.4"
  resolved "https://registry.npmjs.org/earcut/-/earcut-2.2.4.tgz"
  integrity sha512-/pjZsA1b4RPHbeWZQn66SWS8nZZWLQQ23oE3Eam7aroEFGEvwKAsJfZ9ytiEMycfzXWpca4FA9QIOehf7PocBQ==

esbuild@^0.16.3:
  version "0.16.3"
  resolved "https://registry.yarnpkg.com/esbuild/-/esbuild-0.16.3.tgz#5868632fa23f7a8547f2a4ea359c44e946515c94"
  integrity sha512-71f7EjPWTiSguen8X/kxEpkAS7BFHwtQKisCDDV3Y4GLGWBaoSCyD5uXkaUew6JDzA9FEN1W23mdnSwW9kqCeg==
  optionalDependencies:
    "@esbuild/android-arm" "0.16.3"
    "@esbuild/android-arm64" "0.16.3"
    "@esbuild/android-x64" "0.16.3"
    "@esbuild/darwin-arm64" "0.16.3"
    "@esbuild/darwin-x64" "0.16.3"
    "@esbuild/freebsd-arm64" "0.16.3"
    "@esbuild/freebsd-x64" "0.16.3"
    "@esbuild/linux-arm" "0.16.3"
    "@esbuild/linux-arm64" "0.16.3"
    "@esbuild/linux-ia32" "0.16.3"
    "@esbuild/linux-loong64" "0.16.3"
    "@esbuild/linux-mips64el" "0.16.3"
    "@esbuild/linux-ppc64" "0.16.3"
    "@esbuild/linux-riscv64" "0.16.3"
    "@esbuild/linux-s390x" "0.16.3"
    "@esbuild/linux-x64" "0.16.3"
    "@esbuild/netbsd-x64" "0.16.3"
    "@esbuild/openbsd-x64" "0.16.3"
    "@esbuild/sunos-x64" "0.16.3"
    "@esbuild/win32-arm64" "0.16.3"
    "@esbuild/win32-ia32" "0.16.3"
    "@esbuild/win32-x64" "0.16.3"

fflate@^0.7.3:
  version "0.7.4"
  resolved "https://registry.yarnpkg.com/fflate/-/fflate-0.7.4.tgz#61587e5d958fdabb5a9368a302c25363f4f69f50"
  integrity sha512-5u2V/CDW15QM1XbbgS+0DfPxVB+jUKhWEKuuFuHncbk3tEEqzmoXL+2KyOFuKGqOnmdIy0/davWF1CkuwtibCw==

fsevents@~2.3.2:
  version "2.3.2"
  resolved "https://registry.npmjs.org/fsevents/-/fsevents-2.3.2.tgz"
  integrity sha512-xiqMQR4xAeHTuB9uWm+fFRcIOgKBMiOBP+eXiyT7jsgVCq1bkVygt00oASowB7EdtpOHaaPgKt812P9ab+DDKA==

function-bind@^1.1.1:
  version "1.1.1"
  resolved "https://registry.npmjs.org/function-bind/-/function-bind-1.1.1.tgz"
  integrity sha512-yIovAzMX49sF8Yl58fSCWJ5svSLuaibPxXQJFLmBObTuCr0Mf1KiPopGM9NiFjiYBCbfaa2Fh6breQ6ANVTI0A==

gl-matrix@^3.4.3:
  version "3.4.3"
  resolved "https://registry.npmjs.org/gl-matrix/-/gl-matrix-3.4.3.tgz"
  integrity sha512-wcCp8vu8FT22BnvKVPjXa/ICBWRq/zjFfdofZy1WSpQZpphblv12/bOQLBC1rMM7SGOFS9ltVmKOHil5+Ml7gA==

has@^1.0.3:
  version "1.0.3"
  resolved "https://registry.npmjs.org/has/-/has-1.0.3.tgz"
  integrity sha512-f2dvO0VU6Oej7RkWJGrehjbzMAjFp5/VKPp5tTpWIV4JHHZK1/BxbFRtf/siA2SWTe09caDmVtYYzWEIbBS4zw==
  dependencies:
    function-bind "^1.1.1"

ieee754@^1.1.12:
  version "1.2.1"
  resolved "https://registry.npmjs.org/ieee754/-/ieee754-1.2.1.tgz"
  integrity sha512-dcyqhDvX1C46lXZcVqCpK+FtMRQVdIMN6/Df5js2zouUsqG7I6sFxitIC+7KYK29KdXOLHdu9zL4sFnoVQnqaA==

is-core-module@^2.9.0:
  version "2.11.0"
  resolved "https://registry.npmjs.org/is-core-module/-/is-core-module-2.11.0.tgz"
  integrity sha512-RRjxlvLDkD1YJwDbroBHMb+cukurkDWNyHx7D3oNB5x9rb5ogcksMC5wHCadcXoo67gVr/+3GFySh3134zi6rw==
  dependencies:
    has "^1.0.3"

nanoid@^3.3.4:
  version "3.3.4"
  resolved "https://registry.npmjs.org/nanoid/-/nanoid-3.3.4.tgz"
  integrity sha512-MqBkQh/OHTS2egovRtLk45wEyNXwF+cokD+1YPf9u5VfJiRdAiRwB2froX5Co9Rh20xs4siNPm8naNotSD6RBw==

path-parse@^1.0.7:
  version "1.0.7"
  resolved "https://registry.npmjs.org/path-parse/-/path-parse-1.0.7.tgz"
  integrity sha512-LDJzPVEEEPR+y48z93A0Ed0yXb8pAByGWo/k5YYdYgpY2/2EsOsksJrq7lOHxryrVOn1ejG6oAp8ahvOIQD8sw==

pbf@^3.2.1:
  version "3.2.1"
  resolved "https://registry.yarnpkg.com/pbf/-/pbf-3.2.1.tgz#b4c1b9e72af966cd82c6531691115cc0409ffe2a"
  integrity sha512-ClrV7pNOn7rtmoQVF4TS1vyU0WhYRnP92fzbfF75jAIwpnzdJXf8iTd4CMEqO4yUenH6NDqLiwjqlh6QgZzgLQ==
  dependencies:
    ieee754 "^1.1.12"
    resolve-protobuf-schema "^2.1.0"

picocolors@^1.0.0:
  version "1.0.0"
  resolved "https://registry.npmjs.org/picocolors/-/picocolors-1.0.0.tgz"
  integrity sha512-1fygroTLlHu66zi26VoTDv8yRgm0Fccecssto+MhsZ0D/DGW2sm8E8AjW7NU5VVTRt5GxbeZ5qBuJr+HyLYkjQ==

pmtiles@^2.6.0:
  version "2.6.0"
  resolved "https://registry.yarnpkg.com/pmtiles/-/pmtiles-2.6.0.tgz#d32cf76d4ac23ded3bb6edd89de00b8c67586ee5"
  integrity sha512-9e3+cNjUhdGvrlRiYqpqtGLxi74Tj7fgqJKqzXAMf4N/bQfriJsokAA1rVedpNCNXU4H4TGaowNBFhG38ycDSw==
  dependencies:
    fflate "^0.7.3"

postcss@^8.4.19:
  version "8.4.19"
  resolved "https://registry.yarnpkg.com/postcss/-/postcss-8.4.19.tgz#61178e2add236b17351897c8bcc0b4c8ecab56fc"
  integrity sha512-h+pbPsyhlYj6N2ozBmHhHrs9DzGmbaarbLvWipMRO7RLS+v4onj26MPFXA5OBYFxyqYhUJK456SwDcY9H2/zsA==
  dependencies:
    nanoid "^3.3.4"
    picocolors "^1.0.0"
    source-map-js "^1.0.2"

protocol-buffers-schema@^3.3.1:
  version "3.6.0"
  resolved "https://registry.npmjs.org/protocol-buffers-schema/-/protocol-buffers-schema-3.6.0.tgz"
  integrity sha512-TdDRD+/QNdrCGCE7v8340QyuXd4kIWIgapsE2+n/SaGiSSbomYl4TjHlvIoCWRpE7wFt02EpB35VVA2ImcBVqw==

regl@^2.1.0:
  version "2.1.0"
  resolved "https://registry.npmjs.org/regl/-/regl-2.1.0.tgz"
  integrity sha512-oWUce/aVoEvW5l2V0LK7O5KJMzUSKeiOwFuJehzpSFd43dO5spP9r+sSUfhKtsky4u6MCqWJaRL+abzExynfTg==

resolve-protobuf-schema@^2.1.0:
  version "2.1.0"
  resolved "https://registry.npmjs.org/resolve-protobuf-schema/-/resolve-protobuf-schema-2.1.0.tgz"
  integrity sha512-kI5ffTiZWmJaS/huM8wZfEMer1eRd7oJQhDuxeCLe3t7N7mX3z94CN0xPxBQxFYQTSNz9T0i+v6inKqSdK8xrQ==
  dependencies:
    protocol-buffers-schema "^3.3.1"

resolve@^1.22.1:
  version "1.22.1"
  resolved "https://registry.npmjs.org/resolve/-/resolve-1.22.1.tgz"
  integrity sha512-nBpuuYuY5jFsli/JIs1oldw6fOQCBioohqWZg/2hiaOybXOft4lonv85uDOKXdf8rhyK159cxU5cDcK/NKk8zw==
  dependencies:
    is-core-module "^2.9.0"
    path-parse "^1.0.7"
    supports-preserve-symlinks-flag "^1.0.0"

rollup@^3.7.0:
  version "3.7.0"
  resolved "https://registry.yarnpkg.com/rollup/-/rollup-3.7.0.tgz#7c4310378cf28764abb6b7611c9ccec081ff6d97"
  integrity sha512-FIJe0msW9P7L9BTfvaJyvn1U1BVCNTL3w8O+PKIrCyiMLg+rIUGb4MbcgVZ10Lnm1uWXOTOWRNARjfXC1+M12Q==
  optionalDependencies:
    fsevents "~2.3.2"

source-map-js@^1.0.2:
  version "1.0.2"
  resolved "https://registry.npmjs.org/source-map-js/-/source-map-js-1.0.2.tgz"
  integrity sha512-R0XvVJ9WusLiqTCEiGCmICCMplcCkIwwR11mOSD9CR5u+IXYdiseeEuXCVAjS54zqwkLcPNnmU4OeJ6tUrWhDw==

stats.js@^0.17.0:
  version "0.17.0"
  resolved "https://registry.npmjs.org/stats.js/-/stats.js-0.17.0.tgz"
  integrity sha512-hNKz8phvYLPEcRkeG1rsGmV5ChMjKDAWU7/OJJdDErPBNChQXxCo3WZurGpnWc6gZhAzEPFad1aVgyOANH1sMw==

supports-preserve-symlinks-flag@^1.0.0:
  version "1.0.0"
  resolved "https://registry.npmjs.org/supports-preserve-symlinks-flag/-/supports-preserve-symlinks-flag-1.0.0.tgz"
  integrity sha512-ot0WnXS9fgdkgIcePe6RHNk1WA8+muPa6cSjeR3V8K27q9BB1rTE3R1p7Hv0z1ZyAc8s6Vvv8DIyWf681MAt0w==

vite@^4.0.0:
  version "4.0.0"
  resolved "https://registry.yarnpkg.com/vite/-/vite-4.0.0.tgz#b81b88349a06b2faaa53ae14cf96c942548e3454"
  integrity sha512-ynad+4kYs8Jcnn8J7SacS9vAbk7eMy0xWg6E7bAhS1s79TK+D7tVFGXVZ55S7RNLRROU1rxoKlvZ/qjaB41DGA==
  dependencies:
    esbuild "^0.16.3"
    postcss "^8.4.19"
    resolve "^1.22.1"
    rollup "^3.7.0"
  optionalDependencies:
    fsevents "~2.3.2"
